
Microsoft Visual Studio Solution File, Format Version 12.00
# Visual Studio Version 17
VisualStudioVersion = 17.11.35312.102
MinimumVisualStudioVersion = 10.0.40219.1
Project("{FAE04EC0-301F-11D3-BF4B-00C04F79EFBC}") = "WebShop", "WebShop\WebShop.csproj", "{3E77FB5E-7583-465F-B86C-9B80F2326D94}"
EndProject
Global
	GlobalSection(SolutionConfigurationPlatforms) = preSolution
		Debug|Any CPU = Debug|Any CPU
		Release|Any CPU = Release|Any CPU
	EndGlobalSection
	GlobalSection(ProjectConfigurationPlatforms) = postSolution
		{3E77FB5E-7583-465F-B86C-9B80F2326D94}.Debug|Any CPU.ActiveCfg = Debug|Any CPU
		{3E77FB5E-7583-465F-B86C-9B80F2326D94}.Debug|Any CPU.Build.0 = Debug|Any CPU
		{3E77FB5E-7583-465F-B86C-9B80F2326D94}.Release|Any CPU.ActiveCfg = Release|Any CPU
		{3E77FB5E-7583-465F-B86C-9B80F2326D94}.Release|Any CPU.Build.0 = Release|Any CPU
	EndGlobalSection
	GlobalSection(SolutionProperties) = preSolution
		HideSolutionNode = FALSE
	EndGlobalSection
	GlobalSection(ExtensibilityGlobals) = postSolution
		SolutionGuid = {A8DE4D3A-F000-49EF-967B-3796F828F491}
	EndGlobalSection
EndGlobal
